
Microsoft Visual Studio Solution File, Format Version 12.00
# Visual Studio Version 17
VisualStudioVersion = 17.13.35818.85
MinimumVisualStudioVersion = 10.0.40219.1
Project("{FAE04EC0-301F-11D3-BF4B-00C04F79EFBC}") = "CourseManagementAPI", "CourseManagementAPI\CourseManagementAPI.csproj", "{3A7EB07A-C971-46DA-86EF-75520A8DE137}"
EndProject
Project("{FAE04EC0-301F-11D3-BF4B-00C04F79EFBC}") = "CourseManagementServiceLayer", "CourseManagementServiceLayer\CourseManagementServiceLayer.csproj", "{6B36CF08-4A41-4945-AF72-52DCCA06FF06}"
EndProject
Project("{FAE04EC0-301F-11D3-BF4B-00C04F79EFBC}") = "SharedDTO", "SharedDTO\SharedDTO.csproj", "{E5323884-1684-4B07-BF1C-ADDC3B06E716}"
EndProject
Project("{FAE04EC0-301F-11D3-BF4B-00C04F79EFBC}") = "CourseManagementTest", "CourseManagementTest\CourseManagementTest.csproj", "{120C3A3D-75BB-45B2-899F-67E98AAA79CA}"
EndProject
Global
	GlobalSection(SolutionConfigurationPlatforms) = preSolution
		Debug|Any CPU = Debug|Any CPU
		Release|Any CPU = Release|Any CPU
	EndGlobalSection
	GlobalSection(ProjectConfigurationPlatforms) = postSolution
		{3A7EB07A-C971-46DA-86EF-75520A8DE137}.Debug|Any CPU.ActiveCfg = Debug|Any CPU
		{3A7EB07A-C971-46DA-86EF-75520A8DE137}.Debug|Any CPU.Build.0 = Debug|Any CPU
		{3A7EB07A-C971-46DA-86EF-75520A8DE137}.Release|Any CPU.ActiveCfg = Release|Any CPU
		{3A7EB07A-C971-46DA-86EF-75520A8DE137}.Release|Any CPU.Build.0 = Release|Any CPU
		{6B36CF08-4A41-4945-AF72-52DCCA06FF06}.Debug|Any CPU.ActiveCfg = Debug|Any CPU
		{6B36CF08-4A41-4945-AF72-52DCCA06FF06}.Debug|Any CPU.Build.0 = Debug|Any CPU
		{6B36CF08-4A41-4945-AF72-52DCCA06FF06}.Release|Any CPU.ActiveCfg = Release|Any CPU
		{6B36CF08-4A41-4945-AF72-52DCCA06FF06}.Release|Any CPU.Build.0 = Release|Any CPU
		{E5323884-1684-4B07-BF1C-ADDC3B06E716}.Debug|Any CPU.ActiveCfg = Debug|Any CPU
		{E5323884-1684-4B07-BF1C-ADDC3B06E716}.Debug|Any CPU.Build.0 = Debug|Any CPU
		{E5323884-1684-4B07-BF1C-ADDC3B06E716}.Release|Any CPU.ActiveCfg = Release|Any CPU
		{E5323884-1684-4B07-BF1C-ADDC3B06E716}.Release|Any CPU.Build.0 = Release|Any CPU
		{120C3A3D-75BB-45B2-899F-67E98AAA79CA}.Debug|Any CPU.ActiveCfg = Debug|Any CPU
		{120C3A3D-75BB-45B2-899F-67E98AAA79CA}.Debug|Any CPU.Build.0 = Debug|Any CPU
		{120C3A3D-75BB-45B2-899F-67E98AAA79CA}.Release|Any CPU.ActiveCfg = Release|Any CPU
		{120C3A3D-75BB-45B2-899F-67E98AAA79CA}.Release|Any CPU.Build.0 = Release|Any CPU
	EndGlobalSection
	GlobalSection(SolutionProperties) = preSolution
		HideSolutionNode = FALSE
	EndGlobalSection
	GlobalSection(ExtensibilityGlobals) = postSolution
		SolutionGuid = {E61E9E8B-91CD-4FC0-A169-1F00BA4B6635}
	EndGlobalSection
EndGlobal
